<?xml version="1.0" encoding="utf-8"?>
<Project ToolsVersion="4.0" xmlns="http://schemas.microsoft.com/developer/msbuild/2003">
  <ItemGroup>
    <Filter Include="Source Files">
      <UniqueIdentifier>{19b5ec2b-d8bc-4da2-b55a-39c407693807}</UniqueIdentifier>
      <Extensions>cpp;c;cxx;rc;def;r;odl;idl;hpj;bat</Extensions>
    </Filter>
    <Filter Include="Header Files">
      <UniqueIdentifier>{fa5d6778-404f-4beb-b6ee-3c484b481548}</UniqueIdentifier>
      <Extensions>h;hpp;hxx;hm;inl</Extensions>
    </Filter>
    <Filter Include="Resource Files">
      <UniqueIdentifier>{db4bc45f-88b0-406b-b137-336edb7a0e8d}</UniqueIdentifier>
      <Extensions>ico;cur;bmp;dlg;rc2;rct;bin;rgs;gif;jpg;jpeg;jpe</Extensions>
    </Filter>
  </ItemGroup>
  <ItemGroup>
    <ClCompile Include="frequencyItem.cpp">
      <Filter>Source Files</Filter>
    </ClCompile>
    <ClCompile Include="Sequential.cpp">
      <Filter>Source Files</Filter>
    </ClCompile>
    <ClCompile Include="SequentialDatabase.cpp">
      <Filter>Source Files</Filter>
    </ClCompile>
    <ClCompile Include="TimeIntervalRecord.cpp">
      <Filter>Source Files</Filter>
    </ClCompile>
    <ClCompile Include="TimeIntervalRecord1.cpp">
      <Filter>Source Files</Filter>
    </ClCompile>
    <ClCompile Include="Transaction.cpp">
      <Filter>Source Files</Filter>
    </ClCompile>
    <ClCompile Include="TimeLine.cpp">
      <Filter>Source Files</Filter>
    </ClCompile>
    <ClCompile Include="ctsp.cpp">
      <Filter>Source Files</Filter>
    </ClCompile>
  </ItemGroup>
  <ItemGroup>
    <ClInclude Include="frequencyItem.h">
      <Filter>Header Files</Filter>
    </ClInclude>
    <ClInclude Include="Sequential.h">
      <Filter>Header Files</Filter>
    </ClInclude>
    <ClInclude Include="SequentialDatabase.h">
      <Filter>Header Files</Filter>
    </ClInclude>
    <ClInclude Include="TimeIntervalRecord.h">
      <Filter>Header Files</Filter>
    </ClInclude>
    <ClInclude Include="TimeIntervalRecord1.h">
      <Filter>Header Files</Filter>
    </ClInclude>
    <ClInclude Include="Transaction.h">
      <Filter>Header Files</Filter>
    </ClInclude>
    <ClInclude Include="TimeLine.h">
      <Filter>Header Files</Filter>
    </ClInclude>
    <ClInclude Include="ctsp.h">
      <Filter>Header Files</Filter>
    </ClInclude>
  </ItemGroup>
</Project>