<?xml version="1.0" encoding="utf-8"?>
<Project ToolsVersion="4.0" xmlns="http://schemas.microsoft.com/developer/msbuild/2003">
  <ItemGroup>
    <Filter Include="Header Files">
      <UniqueIdentifier>{a7ff4640-5520-4415-994f-ee33d90c58f6}</UniqueIdentifier>
      <Extensions>h;hpp;hxx;hm;inl;inc;xsd;cuh</Extensions>
    </Filter>
    <Filter Include="Source Files">
      <UniqueIdentifier>{b3066943-4571-4a6f-967d-ebf414e8e0aa}</UniqueIdentifier>
      <Extensions>cpp;c;cc;cxx;def;odl;idl;hpj;bat;asm;asmx;cu</Extensions>
    </Filter>
  </ItemGroup>
  <ItemGroup>
    <ClInclude Include="CudaErrorCheck.cuh">
      <Filter>Header Files</Filter>
    </ClInclude>
    <ClInclude Include="TimingCPU.h">
      <Filter>Header Files</Filter>
    </ClInclude>
    <ClInclude Include="TimingGPU.cuh">
      <Filter>Header Files</Filter>
    </ClInclude>
    <ClInclude Include="Util.h">
      <Filter>Header Files</Filter>
    </ClInclude>
    <ClInclude Include="FKM.h">
      <Filter>Header Files</Filter>
    </ClInclude>
    <ClInclude Include="SFKM.cuh">
      <Filter>Header Files</Filter>
    </ClInclude>
  </ItemGroup>
  <ItemGroup>
    <ClCompile Include="TimingCPU.cpp">
      <Filter>Source Files</Filter>
    </ClCompile>
    <ClCompile Include="Util.cpp">
      <Filter>Source Files</Filter>
    </ClCompile>
    <ClCompile Include="FKM.cpp">
      <Filter>Source Files</Filter>
    </ClCompile>
  </ItemGroup>
  <ItemGroup>
    <CudaCompile Include="Main.cu">
      <Filter>Source Files</Filter>
    </CudaCompile>
    <CudaCompile Include="TimingGPU.cu">
      <Filter>Source Files</Filter>
    </CudaCompile>
    <CudaCompile Include="SFKM.cu">
      <Filter>Source Files</Filter>
    </CudaCompile>
  </ItemGroup>
</Project>