<?xml version="1.0" encoding="utf-8"?>
<Project ToolsVersion="4.0" xmlns="http://schemas.microsoft.com/developer/msbuild/2003">
  <ItemGroup>
    <Filter Include="Header Files">
      <UniqueIdentifier>{dd4f614a-6044-46e6-8855-1b198130d074}</UniqueIdentifier>
      <Extensions>h;hpp;hxx;hm;inl;inc;xsd;cuh</Extensions>
    </Filter>
    <Filter Include="Source Files">
      <UniqueIdentifier>{46819e91-84c4-462f-ab12-1f01b1ed653e}</UniqueIdentifier>
      <Extensions>cpp;c;cc;cxx;def;odl;idl;hpj;bat;asm;asmx;cu</Extensions>
    </Filter>
    <Filter Include="Resource Files">
      <UniqueIdentifier>{0dbc16cb-fd72-47bb-ad8d-3782226d6e13}</UniqueIdentifier>
      <Extensions>rc;ico;cur;bmp;dlg;rc2;rct;bin;rgs;gif;jpg;jpeg;jpe;resx;tiff;tif;png;wav;mfcribbon-ms</Extensions>
    </Filter>
  </ItemGroup>
  <ItemGroup>
    <ClInclude Include="CudaErrorCheck.cuh">
      <Filter>Header Files</Filter>
    </ClInclude>
    <ClInclude Include="TimingCPU.h">
      <Filter>Header Files</Filter>
    </ClInclude>
    <ClInclude Include="TimingGPU.cuh">
      <Filter>Header Files</Filter>
    </ClInclude>
    <ClInclude Include="Util.h">
      <Filter>Header Files</Filter>
    </ClInclude>
    <ClInclude Include="SGFKM.cuh">
      <Filter>Header Files</Filter>
    </ClInclude>
    <ClInclude Include="GFKM.h">
      <Filter>Header Files</Filter>
    </ClInclude>
  </ItemGroup>
  <ItemGroup>
    <ClCompile Include="TimingCPU.cpp">
      <Filter>Source Files</Filter>
    </ClCompile>
    <ClCompile Include="Util.cpp">
      <Filter>Source Files</Filter>
    </ClCompile>
    <ClCompile Include="GFKM.cpp">
      <Filter>Source Files</Filter>
    </ClCompile>
  </ItemGroup>
  <ItemGroup>
    <CudaCompile Include="TimingGPU.cu">
      <Filter>Source Files</Filter>
    </CudaCompile>
    <CudaCompile Include="Main.cu">
      <Filter>Source Files</Filter>
    </CudaCompile>
    <CudaCompile Include="SGFKM.cu">
      <Filter>Source Files</Filter>
    </CudaCompile>
  </ItemGroup>
</Project>