<?xml version="1.0" encoding="utf-8"?>
<Project ToolsVersion="4.0" xmlns="http://schemas.microsoft.com/developer/msbuild/2003">
  <ItemGroup>
    <Filter Include="Source Files">
      <UniqueIdentifier>{014f7c4c-4cc6-48a0-b533-65fccd40f4d8}</UniqueIdentifier>
      <Extensions>cpp;c;cxx;rc;def;r;odl;idl;hpj;bat</Extensions>
    </Filter>
    <Filter Include="Header Files">
      <UniqueIdentifier>{01b61421-1acc-41ab-b9ca-020189402f7c}</UniqueIdentifier>
      <Extensions>h;hpp;hxx;hm;inl</Extensions>
    </Filter>
    <Filter Include="Resource Files">
      <UniqueIdentifier>{a08c3d13-7bbd-4294-a524-c3b7ce600c66}</UniqueIdentifier>
      <Extensions>ico;cur;bmp;dlg;rc2;rct;bin;rgs;gif;jpg;jpeg;jpe</Extensions>
    </Filter>
  </ItemGroup>
  <ItemGroup>
    <ClCompile Include="Element.cpp">
      <Filter>Source Files</Filter>
    </ClCompile>
    <ClCompile Include="frequencyPattern.cpp">
      <Filter>Source Files</Filter>
    </ClCompile>
    <ClCompile Include="Sequential.cpp">
      <Filter>Source Files</Filter>
    </ClCompile>
    <ClCompile Include="SequentialDatabase.cpp">
      <Filter>Source Files</Filter>
    </ClCompile>
    <ClCompile Include="TimeIntervalRecord.cpp">
      <Filter>Source Files</Filter>
    </ClCompile>
    <ClCompile Include="TimeIntervalRecord1.cpp">
      <Filter>Source Files</Filter>
    </ClCompile>
    <ClCompile Include="Transaction.cpp">
      <Filter>Source Files</Filter>
    </ClCompile>
    <ClCompile Include="TimeLine.cpp">
      <Filter>Source Files</Filter>
    </ClCompile>
    <ClCompile Include="mfctcsp.cpp">
      <Filter>Source Files</Filter>
    </ClCompile>
  </ItemGroup>
  <ItemGroup>
    <ClInclude Include="Element.h">
      <Filter>Header Files</Filter>
    </ClInclude>
    <ClInclude Include="frequencyPattern.h">
      <Filter>Header Files</Filter>
    </ClInclude>
    <ClInclude Include="Sequential.h">
      <Filter>Header Files</Filter>
    </ClInclude>
    <ClInclude Include="SequentialDatabase.h">
      <Filter>Header Files</Filter>
    </ClInclude>
    <ClInclude Include="TimeIntervalRecord.h">
      <Filter>Header Files</Filter>
    </ClInclude>
    <ClInclude Include="TimeIntervalRecord1.h">
      <Filter>Header Files</Filter>
    </ClInclude>
    <ClInclude Include="Transaction.h">
      <Filter>Header Files</Filter>
    </ClInclude>
    <ClInclude Include="TimeLine.h">
      <Filter>Header Files</Filter>
    </ClInclude>
    <ClInclude Include="mfctcsp.h">
      <Filter>Header Files</Filter>
    </ClInclude>
  </ItemGroup>
</Project>