<?xml version="1.0" encoding="utf-8"?>
<Project ToolsVersion="4.0" xmlns="http://schemas.microsoft.com/developer/msbuild/2003">
  <ItemGroup>
    <Filter Include="Header Files">
      <UniqueIdentifier>{dd4f614a-6044-46e6-8855-1b198130d074}</UniqueIdentifier>
      <Extensions>h;hpp;hxx;hm;inl;inc;xsd;cuh</Extensions>
    </Filter>
    <Filter Include="Source Files">
      <UniqueIdentifier>{46819e91-84c4-462f-ab12-1f01b1ed653e}</UniqueIdentifier>
      <Extensions>cpp;c;cc;cxx;def;odl;idl;hpj;bat;asm;asmx;cu</Extensions>
    </Filter>
    <Filter Include="Resource Files">
      <UniqueIdentifier>{0dbc16cb-fd72-47bb-ad8d-3782226d6e13}</UniqueIdentifier>
      <Extensions>rc;ico;cur;bmp;dlg;rc2;rct;bin;rgs;gif;jpg;jpeg;jpe;resx;tiff;tif;png;wav;mfcribbon-ms</Extensions>
    </Filter>
  </ItemGroup>
  <ItemGroup>
    <ClInclude Include="CudaErrorCheck.cuh">
      <Filter>Header Files</Filter>
    </ClInclude>
    <ClInclude Include="GFKM.cuh">
      <Filter>Header Files</Filter>
    </ClInclude>
    <ClInclude Include="GFKM.h">
      <Filter>Header Files</Filter>
    </ClInclude>
    <ClInclude Include="TimingCPU.h">
      <Filter>Header Files</Filter>
    </ClInclude>
    <ClInclude Include="TimingGPU.cuh">
      <Filter>Header Files</Filter>
    </ClInclude>
    <ClInclude Include="Util.h">
      <Filter>Header Files</Filter>
    </ClInclude>
    <ClInclude Include="c:\Program Files (x86)\Microsoft Visual Studio 11.0\VC\include\ammintrin.h">
      <Filter>Header Files</Filter>
    </ClInclude>
    <ClInclude Include="c:\Program Files (x86)\Windows Kits\8.0\Include\shared\apiset.h">
      <Filter>Header Files</Filter>
    </ClInclude>
    <ClInclude Include="c:\Program Files (x86)\Windows Kits\8.0\Include\shared\apisetcconv.h">
      <Filter>Header Files</Filter>
    </ClInclude>
    <ClInclude Include="c:\Program Files (x86)\Microsoft Visual Studio 11.0\VC\include\armintr.h">
      <Filter>Header Files</Filter>
    </ClInclude>
    <ClInclude Include="c:\Program Files (x86)\Microsoft Visual Studio 11.0\VC\include\assert.h">
      <Filter>Header Files</Filter>
    </ClInclude>
    <ClInclude Include="c:\Program Files (x86)\Windows Kits\8.0\Include\shared\basetsd.h">
      <Filter>Header Files</Filter>
    </ClInclude>
    <ClInclude Include="c:\Program Files (x86)\Windows Kits\8.0\Include\shared\bcrypt.h">
      <Filter>Header Files</Filter>
    </ClInclude>
    <ClInclude Include="c:\Program Files (x86)\Windows Kits\8.0\Include\um\bemapiset.h">
      <Filter>Header Files</Filter>
    </ClInclude>
    <ClInclude Include="c:\Program Files\NVIDIA GPU Computing Toolkit\CUDA\v7.0\include\builtin_types.h">
      <Filter>Header Files</Filter>
    </ClInclude>
    <ClInclude Include="c:\Program Files (x86)\Windows Kits\8.0\Include\shared\cderr.h">
      <Filter>Header Files</Filter>
    </ClInclude>
    <ClInclude Include="c:\Program Files (x86)\Windows Kits\8.0\Include\um\cguid.h">
      <Filter>Header Files</Filter>
    </ClInclude>
    <ClInclude Include="c:\Program Files\NVIDIA GPU Computing Toolkit\CUDA\v7.0\include\channel_descriptor.h">
      <Filter>Header Files</Filter>
    </ClInclude>
    <ClInclude Include="c:\Program Files (x86)\Windows Kits\8.0\Include\um\combaseapi.h">
      <Filter>Header Files</Filter>
    </ClInclude>
    <ClInclude Include="c:\Program Files (x86)\Windows Kits\8.0\Include\um\commdlg.h">
      <Filter>Header Files</Filter>
    </ClInclude>
    <ClInclude Include="c:\Program Files\NVIDIA GPU Computing Toolkit\CUDA\v7.0\include\common_functions.h">
      <Filter>Header Files</Filter>
    </ClInclude>
    <ClInclude Include="c:\Program Files (x86)\Microsoft Visual Studio 11.0\VC\include\ConcurrencySal.h">
      <Filter>Header Files</Filter>
    </ClInclude>
    <ClInclude Include="c:\Program Files (x86)\Microsoft Visual Studio 11.0\VC\include\conio.h">
      <Filter>Header Files</Filter>
    </ClInclude>
    <ClInclude Include="c:\Program Files (x86)\Windows Kits\8.0\Include\um\consoleapi.h">
      <Filter>Header Files</Filter>
    </ClInclude>
    <ClInclude Include="c:\Program Files (x86)\Microsoft Visual Studio 11.0\VC\include\crtdbg.h">
      <Filter>Header Files</Filter>
    </ClInclude>
    <ClInclude Include="c:\Program Files (x86)\Microsoft Visual Studio 11.0\VC\include\crtdefs.h">
      <Filter>Header Files</Filter>
    </ClInclude>
    <ClInclude Include="c:\Program Files (x86)\Microsoft Visual Studio 11.0\VC\include\crtwrn.h">
      <Filter>Header Files</Filter>
    </ClInclude>
    <ClInclude Include="c:\Program Files (x86)\Microsoft Visual Studio 11.0\VC\include\ctype.h">
      <Filter>Header Files</Filter>
    </ClInclude>
    <ClInclude Include="c:\Program Files\NVIDIA GPU Computing Toolkit\CUDA\v7.0\include\cuda.h">
      <Filter>Header Files</Filter>
    </ClInclude>
    <ClInclude Include="c:\Program Files\NVIDIA GPU Computing Toolkit\CUDA\v7.0\include\cuda_device_runtime_api.h">
      <Filter>Header Files</Filter>
    </ClInclude>
    <ClInclude Include="c:\Program Files\NVIDIA GPU Computing Toolkit\CUDA\v7.0\include\cuda_runtime.h">
      <Filter>Header Files</Filter>
    </ClInclude>
    <ClInclude Include="c:\Program Files\NVIDIA GPU Computing Toolkit\CUDA\v7.0\include\cuda_runtime_api.h">
      <Filter>Header Files</Filter>
    </ClInclude>
    <ClInclude Include="c:\Program Files\NVIDIA GPU Computing Toolkit\CUDA\v7.0\include\cuda_surface_types.h">
      <Filter>Header Files</Filter>
    </ClInclude>
    <ClInclude Include="c:\Program Files\NVIDIA GPU Computing Toolkit\CUDA\v7.0\include\cuda_texture_types.h">
      <Filter>Header Files</Filter>
    </ClInclude>
    <ClInclude Include="c:\Program Files (x86)\Windows Kits\8.0\Include\um\datetimeapi.h">
      <Filter>Header Files</Filter>
    </ClInclude>
    <ClInclude Include="c:\Program Files (x86)\Windows Kits\8.0\Include\um\dde.h">
      <Filter>Header Files</Filter>
    </ClInclude>
    <ClInclude Include="c:\Program Files (x86)\Windows Kits\8.0\Include\um\ddeml.h">
      <Filter>Header Files</Filter>
    </ClInclude>
    <ClInclude Include="c:\Program Files (x86)\Windows Kits\8.0\Include\um\debugapi.h">
      <Filter>Header Files</Filter>
    </ClInclude>
    <ClInclude Include="c:\Program Files\NVIDIA GPU Computing Toolkit\CUDA\v7.0\include\device_atomic_functions.h">
      <Filter>Header Files</Filter>
    </ClInclude>
    <ClInclude Include="c:\Program Files\NVIDIA GPU Computing Toolkit\CUDA\v7.0\include\device_atomic_functions.hpp">
      <Filter>Header Files</Filter>
    </ClInclude>
    <ClInclude Include="c:\Program Files\NVIDIA GPU Computing Toolkit\CUDA\v7.0\include\device_double_functions.h">
      <Filter>Header Files</Filter>
    </ClInclude>
    <ClInclude Include="c:\Program Files\NVIDIA GPU Computing Toolkit\CUDA\v7.0\include\device_double_functions.hpp">
      <Filter>Header Files</Filter>
    </ClInclude>
    <ClInclude Include="c:\Program Files\NVIDIA GPU Computing Toolkit\CUDA\v7.0\include\device_functions.h">
      <Filter>Header Files</Filter>
    </ClInclude>
    <ClInclude Include="c:\Program Files\NVIDIA GPU Computing Toolkit\CUDA\v7.0\include\device_functions.hpp">
      <Filter>Header Files</Filter>
    </ClInclude>
    <ClInclude Include="c:\Program Files\NVIDIA GPU Computing Toolkit\CUDA\v7.0\include\device_functions_decls.h">
      <Filter>Header Files</Filter>
    </ClInclude>
    <ClInclude Include="c:\Program Files\NVIDIA GPU Computing Toolkit\CUDA\v7.0\include\device_launch_parameters.h">
      <Filter>Header Files</Filter>
    </ClInclude>
    <ClInclude Include="c:\Program Files\NVIDIA GPU Computing Toolkit\CUDA\v7.0\include\device_types.h">
      <Filter>Header Files</Filter>
    </ClInclude>
    <ClInclude Include="c:\Program Files (x86)\Windows Kits\8.0\Include\um\dlgs.h">
      <Filter>Header Files</Filter>
    </ClInclude>
    <ClInclude Include="c:\Program Files (x86)\Windows Kits\8.0\Include\um\dpapi.h">
      <Filter>Header Files</Filter>
    </ClInclude>
    <ClInclude Include="c:\Program Files\NVIDIA GPU Computing Toolkit\CUDA\v7.0\include\driver_functions.h">
      <Filter>Header Files</Filter>
    </ClInclude>
    <ClInclude Include="c:\Program Files\NVIDIA GPU Computing Toolkit\CUDA\v7.0\include\driver_types.h">
      <Filter>Header Files</Filter>
    </ClInclude>
    <ClInclude Include="c:\Program Files (x86)\Windows Kits\8.0\Include\shared\driverspecs.h">
      <Filter>Header Files</Filter>
    </ClInclude>
    <ClInclude Include="c:\Program Files (x86)\Microsoft Visual Studio 11.0\VC\include\eh.h">
      <Filter>Header Files</Filter>
    </ClInclude>
    <ClInclude Include="c:\Program Files (x86)\Microsoft Visual Studio 11.0\VC\include\emmintrin.h">
      <Filter>Header Files</Filter>
    </ClInclude>
    <ClInclude Include="c:\Program Files (x86)\Windows Kits\8.0\Include\um\errhandlingapi.h">
      <Filter>Header Files</Filter>
    </ClInclude>
    <ClInclude Include="c:\Program Files (x86)\Microsoft Visual Studio 11.0\VC\include\errno.h">
      <Filter>Header Files</Filter>
    </ClInclude>
    <ClInclude Include="c:\Program Files (x86)\Microsoft Visual Studio 11.0\VC\include\excpt.h">
      <Filter>Header Files</Filter>
    </ClInclude>
    <ClInclude Include="c:\Program Files (x86)\Windows Kits\8.0\Include\um\fibersapi.h">
      <Filter>Header Files</Filter>
    </ClInclude>
    <ClInclude Include="c:\Program Files (x86)\Windows Kits\8.0\Include\um\fileapi.h">
      <Filter>Header Files</Filter>
    </ClInclude>
    <ClInclude Include="c:\Program Files (x86)\Microsoft Visual Studio 11.0\VC\include\float.h">
      <Filter>Header Files</Filter>
    </ClInclude>
    <ClInclude Include="c:\Program Files\NVIDIA GPU Computing Toolkit\CUDA\v7.0\include\crt\func_macro.h">
      <Filter>Header Files</Filter>
    </ClInclude>
    <ClInclude Include="c:\Program Files (x86)\Windows Kits\8.0\Include\shared\guiddef.h">
      <Filter>Header Files</Filter>
    </ClInclude>
    <ClInclude Include="c:\Program Files (x86)\Windows Kits\8.0\Include\um\handleapi.h">
      <Filter>Header Files</Filter>
    </ClInclude>
    <ClInclude Include="c:\Program Files (x86)\Windows Kits\8.0\Include\um\heapapi.h">
      <Filter>Header Files</Filter>
    </ClInclude>
    <ClInclude Include="c:\Program Files\NVIDIA GPU Computing Toolkit\CUDA\v7.0\include\host_config.h">
      <Filter>Header Files</Filter>
    </ClInclude>
    <ClInclude Include="c:\Program Files\NVIDIA GPU Computing Toolkit\CUDA\v7.0\include\host_defines.h">
      <Filter>Header Files</Filter>
    </ClInclude>
    <ClInclude Include="c:\Program Files (x86)\Windows Kits\8.0\Include\um\ime_cmodes.h">
      <Filter>Header Files</Filter>
    </ClInclude>
    <ClInclude Include="c:\Program Files (x86)\Windows Kits\8.0\Include\um\imm.h">
      <Filter>Header Files</Filter>
    </ClInclude>
    <ClInclude Include="c:\Program Files (x86)\Microsoft Visual Studio 11.0\VC\include\immintrin.h">
      <Filter>Header Files</Filter>
    </ClInclude>
    <ClInclude Include="c:\Program Files (x86)\Windows Kits\8.0\Include\shared\inaddr.h">
      <Filter>Header Files</Filter>
    </ClInclude>
    <ClInclude Include="c:\Program Files (x86)\Windows Kits\8.0\Include\um\interlockedapi.h">
      <Filter>Header Files</Filter>
    </ClInclude>
    <ClInclude Include="c:\Program Files (x86)\Microsoft Visual Studio 11.0\VC\include\intrin.h">
      <Filter>Header Files</Filter>
    </ClInclude>
    <ClInclude Include="c:\Program Files (x86)\Windows Kits\8.0\Include\um\ioapiset.h">
      <Filter>Header Files</Filter>
    </ClInclude>
    <ClInclude Include="c:\Program Files (x86)\Windows Kits\8.0\Include\um\jobapi.h">
      <Filter>Header Files</Filter>
    </ClInclude>
    <ClInclude Include="c:\Program Files (x86)\Windows Kits\8.0\Include\um\joystickapi.h">
      <Filter>Header Files</Filter>
    </ClInclude>
    <ClInclude Include="c:\Program Files (x86)\Windows Kits\8.0\Include\shared\kernelspecs.h">
      <Filter>Header Files</Filter>
    </ClInclude>
    <ClInclude Include="c:\Program Files (x86)\Windows Kits\8.0\Include\shared\ktmtypes.h">
      <Filter>Header Files</Filter>
    </ClInclude>
    <ClInclude Include="c:\Program Files (x86)\Windows Kits\8.0\Include\um\libloaderapi.h">
      <Filter>Header Files</Filter>
    </ClInclude>
    <ClInclude Include="c:\Program Files (x86)\Microsoft Visual Studio 11.0\VC\include\limits.h">
      <Filter>Header Files</Filter>
    </ClInclude>
    <ClInclude Include="c:\Program Files (x86)\Microsoft Visual Studio 11.0\VC\include\locale.h">
      <Filter>Header Files</Filter>
    </ClInclude>
    <ClInclude Include="c:\Program Files (x86)\Windows Kits\8.0\Include\um\lzexpand.h">
      <Filter>Header Files</Filter>
    </ClInclude>
    <ClInclude Include="c:\Program Files (x86)\Microsoft Visual Studio 11.0\VC\include\malloc.h">
      <Filter>Header Files</Filter>
    </ClInclude>
    <ClInclude Include="c:\Program Files (x86)\Microsoft Visual Studio 11.0\VC\include\math.h">
      <Filter>Header Files</Filter>
    </ClInclude>
    <ClInclude Include="c:\Program Files\NVIDIA GPU Computing Toolkit\CUDA\v7.0\include\math_constants.h">
      <Filter>Header Files</Filter>
    </ClInclude>
    <ClInclude Include="c:\Program Files\NVIDIA GPU Computing Toolkit\CUDA\v7.0\include\math_functions.h">
      <Filter>Header Files</Filter>
    </ClInclude>
    <ClInclude Include="c:\Program Files\NVIDIA GPU Computing Toolkit\CUDA\v7.0\include\math_functions.hpp">
      <Filter>Header Files</Filter>
    </ClInclude>
    <ClInclude Include="c:\Program Files\NVIDIA GPU Computing Toolkit\CUDA\v7.0\include\math_functions_dbl_ptx3.h">
      <Filter>Header Files</Filter>
    </ClInclude>
    <ClInclude Include="c:\Program Files\NVIDIA GPU Computing Toolkit\CUDA\v7.0\include\math_functions_dbl_ptx3.hpp">
      <Filter>Header Files</Filter>
    </ClInclude>
    <ClInclude Include="c:\Program Files (x86)\Windows Kits\8.0\Include\um\mciapi.h">
      <Filter>Header Files</Filter>
    </ClInclude>
    <ClInclude Include="c:\Program Files (x86)\Windows Kits\8.0\Include\um\mcx.h">
      <Filter>Header Files</Filter>
    </ClInclude>
    <ClInclude Include="c:\Program Files (x86)\Windows Kits\8.0\Include\um\memoryapi.h">
      <Filter>Header Files</Filter>
    </ClInclude>
    <ClInclude Include="c:\Program Files (x86)\Windows Kits\8.0\Include\um\minwinbase.h">
      <Filter>Header Files</Filter>
    </ClInclude>
    <ClInclude Include="c:\Program Files (x86)\Windows Kits\8.0\Include\shared\minwindef.h">
      <Filter>Header Files</Filter>
    </ClInclude>
    <ClInclude Include="c:\Program Files (x86)\Microsoft Visual Studio 11.0\VC\include\mm3dnow.h">
      <Filter>Header Files</Filter>
    </ClInclude>
    <ClInclude Include="c:\Program Files (x86)\Windows Kits\8.0\Include\um\mmeapi.h">
      <Filter>Header Files</Filter>
    </ClInclude>
    <ClInclude Include="c:\Program Files (x86)\Microsoft Visual Studio 11.0\VC\include\mmintrin.h">
      <Filter>Header Files</Filter>
    </ClInclude>
    <ClInclude Include="c:\Program Files (x86)\Windows Kits\8.0\Include\um\mmiscapi.h">
      <Filter>Header Files</Filter>
    </ClInclude>
    <ClInclude Include="c:\Program Files (x86)\Windows Kits\8.0\Include\um\mmiscapi2.h">
      <Filter>Header Files</Filter>
    </ClInclude>
    <ClInclude Include="c:\Program Files (x86)\Windows Kits\8.0\Include\um\mmsyscom.h">
      <Filter>Header Files</Filter>
    </ClInclude>
    <ClInclude Include="c:\Program Files (x86)\Windows Kits\8.0\Include\um\mmsystem.h">
      <Filter>Header Files</Filter>
    </ClInclude>
    <ClInclude Include="c:\Program Files (x86)\Windows Kits\8.0\Include\um\msxml.h">
      <Filter>Header Files</Filter>
    </ClInclude>
    <ClInclude Include="c:\Program Files (x86)\Windows Kits\8.0\Include\um\namedpipeapi.h">
      <Filter>Header Files</Filter>
    </ClInclude>
    <ClInclude Include="c:\Program Files (x86)\Windows Kits\8.0\Include\um\namespaceapi.h">
      <Filter>Header Files</Filter>
    </ClInclude>
    <ClInclude Include="c:\Program Files (x86)\Windows Kits\8.0\Include\um\nb30.h">
      <Filter>Header Files</Filter>
    </ClInclude>
    <ClInclude Include="c:\Program Files (x86)\Windows Kits\8.0\Include\um\ncrypt.h">
      <Filter>Header Files</Filter>
    </ClInclude>
    <ClInclude Include="c:\Program Files (x86)\Microsoft Visual Studio 11.0\VC\include\nmmintrin.h">
      <Filter>Header Files</Filter>
    </ClInclude>
    <ClInclude Include="c:\Program Files (x86)\Windows Kits\8.0\Include\shared\no_sal2.h">
      <Filter>Header Files</Filter>
    </ClInclude>
    <ClInclude Include="c:\Program Files (x86)\Windows Kits\8.0\Include\um\OAIdl.h">
      <Filter>Header Files</Filter>
    </ClInclude>
    <ClInclude Include="c:\Program Files (x86)\Windows Kits\8.0\Include\um\objbase.h">
      <Filter>Header Files</Filter>
    </ClInclude>
    <ClInclude Include="c:\Program Files (x86)\Windows Kits\8.0\Include\um\ObjIdl.h">
      <Filter>Header Files</Filter>
    </ClInclude>
    <ClInclude Include="c:\Program Files (x86)\Windows Kits\8.0\Include\um\ObjIdlbase.h">
      <Filter>Header Files</Filter>
    </ClInclude>
    <ClInclude Include="c:\Program Files (x86)\Windows Kits\8.0\Include\um\ole.h">
      <Filter>Header Files</Filter>
    </ClInclude>
    <ClInclude Include="c:\Program Files (x86)\Windows Kits\8.0\Include\um\Ole2.h">
      <Filter>Header Files</Filter>
    </ClInclude>
    <ClInclude Include="c:\Program Files (x86)\Windows Kits\8.0\Include\um\OleAuto.h">
      <Filter>Header Files</Filter>
    </ClInclude>
    <ClInclude Include="c:\Program Files (x86)\Windows Kits\8.0\Include\um\oleidl.h">
      <Filter>Header Files</Filter>
    </ClInclude>
    <ClInclude Include="c:\Program Files (x86)\Windows Kits\8.0\Include\um\playsoundapi.h">
      <Filter>Header Files</Filter>
    </ClInclude>
    <ClInclude Include="c:\Program Files (x86)\Microsoft Visual Studio 11.0\VC\include\pmmintrin.h">
      <Filter>Header Files</Filter>
    </ClInclude>
    <ClInclude Include="c:\Program Files (x86)\Windows Kits\8.0\Include\shared\poppack.h">
      <Filter>Header Files</Filter>
    </ClInclude>
    <ClInclude Include="c:\Program Files (x86)\Windows Kits\8.0\Include\um\processenv.h">
      <Filter>Header Files</Filter>
    </ClInclude>
    <ClInclude Include="c:\Program Files (x86)\Windows Kits\8.0\Include\um\processthreadsapi.h">
      <Filter>Header Files</Filter>
    </ClInclude>
    <ClInclude Include="c:\Program Files (x86)\Windows Kits\8.0\Include\um\processtopologyapi.h">
      <Filter>Header Files</Filter>
    </ClInclude>
    <ClInclude Include="c:\Program Files (x86)\Windows Kits\8.0\Include\um\profileapi.h">
      <Filter>Header Files</Filter>
    </ClInclude>
    <ClInclude Include="c:\Program Files (x86)\Windows Kits\8.0\Include\um\PropIdl.h">
      <Filter>Header Files</Filter>
    </ClInclude>
    <ClInclude Include="c:\Program Files (x86)\Windows Kits\8.0\Include\um\prsht.h">
      <Filter>Header Files</Filter>
    </ClInclude>
    <ClInclude Include="c:\Program Files (x86)\Windows Kits\8.0\Include\shared\pshpack1.h">
      <Filter>Header Files</Filter>
    </ClInclude>
    <ClInclude Include="c:\Program Files (x86)\Windows Kits\8.0\Include\shared\pshpack2.h">
      <Filter>Header Files</Filter>
    </ClInclude>
    <ClInclude Include="c:\Program Files (x86)\Windows Kits\8.0\Include\shared\pshpack4.h">
      <Filter>Header Files</Filter>
    </ClInclude>
    <ClInclude Include="c:\Program Files (x86)\Windows Kits\8.0\Include\shared\pshpack8.h">
      <Filter>Header Files</Filter>
    </ClInclude>
    <ClInclude Include="c:\Program Files (x86)\Windows Kits\8.0\Include\um\realtimeapiset.h">
      <Filter>Header Files</Filter>
    </ClInclude>
    <ClInclude Include="c:\Program Files (x86)\Windows Kits\8.0\Include\um\reason.h">
      <Filter>Header Files</Filter>
    </ClInclude>
    <ClInclude Include="c:\Program Files (x86)\Windows Kits\8.0\Include\shared\rpc.h">
      <Filter>Header Files</Filter>
    </ClInclude>
    <ClInclude Include="c:\Program Files (x86)\Windows Kits\8.0\Include\shared\rpcasync.h">
      <Filter>Header Files</Filter>
    </ClInclude>
    <ClInclude Include="c:\Program Files (x86)\Windows Kits\8.0\Include\shared\rpcdce.h">
      <Filter>Header Files</Filter>
    </ClInclude>
    <ClInclude Include="c:\Program Files (x86)\Windows Kits\8.0\Include\shared\rpcdcep.h">
      <Filter>Header Files</Filter>
    </ClInclude>
    <ClInclude Include="c:\Program Files (x86)\Windows Kits\8.0\Include\shared\rpcndr.h">
      <Filter>Header Files</Filter>
    </ClInclude>
    <ClInclude Include="c:\Program Files (x86)\Windows Kits\8.0\Include\um\rpcnsi.h">
      <Filter>Header Files</Filter>
    </ClInclude>
    <ClInclude Include="c:\Program Files (x86)\Windows Kits\8.0\Include\um\rpcnsip.h">
      <Filter>Header Files</Filter>
    </ClInclude>
    <ClInclude Include="c:\Program Files (x86)\Windows Kits\8.0\Include\shared\rpcnterr.h">
      <Filter>Header Files</Filter>
    </ClInclude>
    <ClInclude Include="c:\Program Files (x86)\Windows Kits\8.0\Include\shared\rpcsal.h">
      <Filter>Header Files</Filter>
    </ClInclude>
    <ClInclude Include="c:\Program Files (x86)\Microsoft Visual Studio 11.0\VC\include\sal.h">
      <Filter>Header Files</Filter>
    </ClInclude>
    <ClInclude Include="c:\Program Files (x86)\Windows Kits\8.0\Include\um\SCardErr.h">
      <Filter>Header Files</Filter>
    </ClInclude>
    <ClInclude Include="c:\Program Files (x86)\Windows Kits\8.0\Include\shared\sdkddkver.h">
      <Filter>Header Files</Filter>
    </ClInclude>
    <ClInclude Include="c:\Program Files (x86)\Windows Kits\8.0\Include\shared\sdv_driverspecs.h">
      <Filter>Header Files</Filter>
    </ClInclude>
    <ClInclude Include="c:\Program Files (x86)\Windows Kits\8.0\Include\um\securityappcontainer.h">
      <Filter>Header Files</Filter>
    </ClInclude>
    <ClInclude Include="c:\Program Files (x86)\Windows Kits\8.0\Include\um\securitybaseapi.h">
      <Filter>Header Files</Filter>
    </ClInclude>
    <ClInclude Include="c:\Program Files (x86)\Windows Kits\8.0\Include\um\servprov.h">
      <Filter>Header Files</Filter>
    </ClInclude>
    <ClInclude Include="c:\Program Files (x86)\Microsoft Visual Studio 11.0\VC\include\setjmp.h">
      <Filter>Header Files</Filter>
    </ClInclude>
    <ClInclude Include="c:\Program Files (x86)\Microsoft Visual Studio 11.0\VC\include\setjmpex.h">
      <Filter>Header Files</Filter>
    </ClInclude>
    <ClInclude Include="c:\Program Files (x86)\Microsoft Visual Studio 11.0\VC\include\share.h">
      <Filter>Header Files</Filter>
    </ClInclude>
    <ClInclude Include="c:\Program Files (x86)\Windows Kits\8.0\Include\um\shellapi.h">
      <Filter>Header Files</Filter>
    </ClInclude>
    <ClInclude Include="c:\Program Files\NVIDIA GPU Computing Toolkit\CUDA\v7.0\include\sm_20_atomic_functions.h">
      <Filter>Header Files</Filter>
    </ClInclude>
    <ClInclude Include="c:\Program Files\NVIDIA GPU Computing Toolkit\CUDA\v7.0\include\sm_20_atomic_functions.hpp">
      <Filter>Header Files</Filter>
    </ClInclude>
    <ClInclude Include="c:\Program Files\NVIDIA GPU Computing Toolkit\CUDA\v7.0\include\sm_20_intrinsics.h">
      <Filter>Header Files</Filter>
    </ClInclude>
    <ClInclude Include="c:\Program Files\NVIDIA GPU Computing Toolkit\CUDA\v7.0\include\sm_20_intrinsics.hpp">
      <Filter>Header Files</Filter>
    </ClInclude>
    <ClInclude Include="c:\Program Files\NVIDIA GPU Computing Toolkit\CUDA\v7.0\include\sm_30_intrinsics.h">
      <Filter>Header Files</Filter>
    </ClInclude>
    <ClInclude Include="c:\Program Files\NVIDIA GPU Computing Toolkit\CUDA\v7.0\include\sm_30_intrinsics.hpp">
      <Filter>Header Files</Filter>
    </ClInclude>
    <ClInclude Include="c:\Program Files\NVIDIA GPU Computing Toolkit\CUDA\v7.0\include\sm_32_atomic_functions.h">
      <Filter>Header Files</Filter>
    </ClInclude>
    <ClInclude Include="c:\Program Files\NVIDIA GPU Computing Toolkit\CUDA\v7.0\include\sm_32_atomic_functions.hpp">
      <Filter>Header Files</Filter>
    </ClInclude>
    <ClInclude Include="c:\Program Files\NVIDIA GPU Computing Toolkit\CUDA\v7.0\include\sm_32_intrinsics.h">
      <Filter>Header Files</Filter>
    </ClInclude>
    <ClInclude Include="c:\Program Files\NVIDIA GPU Computing Toolkit\CUDA\v7.0\include\sm_32_intrinsics.hpp">
      <Filter>Header Files</Filter>
    </ClInclude>
    <ClInclude Include="c:\Program Files\NVIDIA GPU Computing Toolkit\CUDA\v7.0\include\sm_35_atomic_functions.h">
      <Filter>Header Files</Filter>
    </ClInclude>
    <ClInclude Include="c:\Program Files\NVIDIA GPU Computing Toolkit\CUDA\v7.0\include\sm_35_intrinsics.h">
      <Filter>Header Files</Filter>
    </ClInclude>
    <ClInclude Include="c:\Program Files (x86)\Microsoft Visual Studio 11.0\VC\include\smmintrin.h">
      <Filter>Header Files</Filter>
    </ClInclude>
    <ClInclude Include="c:\Program Files (x86)\Microsoft Visual Studio 11.0\VC\include\CodeAnalysis\sourceannotations.h">
      <Filter>Header Files</Filter>
    </ClInclude>
    <ClInclude Include="c:\Program Files (x86)\Windows Kits\8.0\Include\shared\specstrings.h">
      <Filter>Header Files</Filter>
    </ClInclude>
    <ClInclude Include="c:\Program Files (x86)\Windows Kits\8.0\Include\shared\specstrings_strict.h">
      <Filter>Header Files</Filter>
    </ClInclude>
    <ClInclude Include="c:\Program Files (x86)\Windows Kits\8.0\Include\shared\specstrings_undef.h">
      <Filter>Header Files</Filter>
    </ClInclude>
    <ClInclude Include="c:\Program Files (x86)\Microsoft Visual Studio 11.0\VC\include\stdarg.h">
      <Filter>Header Files</Filter>
    </ClInclude>
    <ClInclude Include="c:\Program Files (x86)\Microsoft Visual Studio 11.0\VC\include\stddef.h">
      <Filter>Header Files</Filter>
    </ClInclude>
    <ClInclude Include="c:\Program Files (x86)\Microsoft Visual Studio 11.0\VC\include\stdio.h">
      <Filter>Header Files</Filter>
    </ClInclude>
    <ClInclude Include="c:\Program Files (x86)\Microsoft Visual Studio 11.0\VC\include\stdlib.h">
      <Filter>Header Files</Filter>
    </ClInclude>
    <ClInclude Include="c:\Program Files (x86)\Windows Kits\8.0\Include\shared\stralign.h">
      <Filter>Header Files</Filter>
    </ClInclude>
    <ClInclude Include="c:\Program Files (x86)\Microsoft Visual Studio 11.0\VC\include\string.h">
      <Filter>Header Files</Filter>
    </ClInclude>
    <ClInclude Include="c:\Program Files (x86)\Windows Kits\8.0\Include\um\stringapiset.h">
      <Filter>Header Files</Filter>
    </ClInclude>
    <ClInclude Include="c:\Program Files\NVIDIA GPU Computing Toolkit\CUDA\v7.0\include\surface_functions.h">
      <Filter>Header Files</Filter>
    </ClInclude>
    <ClInclude Include="c:\Program Files\NVIDIA GPU Computing Toolkit\CUDA\v7.0\include\surface_functions.hpp">
      <Filter>Header Files</Filter>
    </ClInclude>
    <ClInclude Include="c:\Program Files\NVIDIA GPU Computing Toolkit\CUDA\v7.0\include\surface_indirect_functions.h">
      <Filter>Header Files</Filter>
    </ClInclude>
    <ClInclude Include="c:\Program Files\NVIDIA GPU Computing Toolkit\CUDA\v7.0\include\surface_indirect_functions.hpp">
      <Filter>Header Files</Filter>
    </ClInclude>
    <ClInclude Include="c:\Program Files\NVIDIA GPU Computing Toolkit\CUDA\v7.0\include\surface_types.h">
      <Filter>Header Files</Filter>
    </ClInclude>
    <ClInclude Include="c:\Program Files (x86)\Windows Kits\8.0\Include\um\synchapi.h">
      <Filter>Header Files</Filter>
    </ClInclude>
    <ClInclude Include="c:\Program Files (x86)\Windows Kits\8.0\Include\um\sysinfoapi.h">
      <Filter>Header Files</Filter>
    </ClInclude>
    <ClInclude Include="c:\Program Files (x86)\Windows Kits\8.0\Include\um\systemtopologyapi.h">
      <Filter>Header Files</Filter>
    </ClInclude>
    <ClInclude Include="c:\Program Files\NVIDIA GPU Computing Toolkit\CUDA\v7.0\include\texture_fetch_functions.h">
      <Filter>Header Files</Filter>
    </ClInclude>
    <ClInclude Include="c:\Program Files\NVIDIA GPU Computing Toolkit\CUDA\v7.0\include\texture_fetch_functions.hpp">
      <Filter>Header Files</Filter>
    </ClInclude>
    <ClInclude Include="c:\Program Files\NVIDIA GPU Computing Toolkit\CUDA\v7.0\include\texture_indirect_functions.h">
      <Filter>Header Files</Filter>
    </ClInclude>
    <ClInclude Include="c:\Program Files\NVIDIA GPU Computing Toolkit\CUDA\v7.0\include\texture_indirect_functions.hpp">
      <Filter>Header Files</Filter>
    </ClInclude>
    <ClInclude Include="c:\Program Files\NVIDIA GPU Computing Toolkit\CUDA\v7.0\include\texture_types.h">
      <Filter>Header Files</Filter>
    </ClInclude>
    <ClInclude Include="c:\Program Files (x86)\Windows Kits\8.0\Include\um\threadpoolapiset.h">
      <Filter>Header Files</Filter>
    </ClInclude>
    <ClInclude Include="c:\Program Files (x86)\Windows Kits\8.0\Include\um\threadpoollegacyapiset.h">
      <Filter>Header Files</Filter>
    </ClInclude>
    <ClInclude Include="c:\Program Files (x86)\Microsoft Visual Studio 11.0\VC\include\time.h">
      <Filter>Header Files</Filter>
    </ClInclude>
    <ClInclude Include="c:\Program Files (x86)\Windows Kits\8.0\Include\um\timeapi.h">
      <Filter>Header Files</Filter>
    </ClInclude>
    <ClInclude Include="c:\Program Files (x86)\Windows Kits\8.0\Include\um\timezoneapi.h">
      <Filter>Header Files</Filter>
    </ClInclude>
    <ClInclude Include="c:\Program Files (x86)\Microsoft Visual Studio 11.0\VC\include\tmmintrin.h">
      <Filter>Header Files</Filter>
    </ClInclude>
    <ClInclude Include="c:\Program Files (x86)\Windows Kits\8.0\Include\shared\tvout.h">
      <Filter>Header Files</Filter>
    </ClInclude>
    <ClInclude Include="c:\Program Files (x86)\Windows Kits\8.0\Include\um\Unknwn.h">
      <Filter>Header Files</Filter>
    </ClInclude>
    <ClInclude Include="c:\Program Files (x86)\Windows Kits\8.0\Include\um\Unknwnbase.h">
      <Filter>Header Files</Filter>
    </ClInclude>
    <ClInclude Include="c:\Program Files (x86)\Windows Kits\8.0\Include\um\urlmon.h">
      <Filter>Header Files</Filter>
    </ClInclude>
    <ClInclude Include="c:\Program Files (x86)\Microsoft Visual Studio 11.0\VC\include\use_ansi.h">
      <Filter>Header Files</Filter>
    </ClInclude>
    <ClInclude Include="c:\Program Files (x86)\Windows Kits\8.0\Include\um\utilapiset.h">
      <Filter>Header Files</Filter>
    </ClInclude>
    <ClInclude Include="c:\Program Files (x86)\Microsoft Visual Studio 11.0\VC\include\vadefs.h">
      <Filter>Header Files</Filter>
    </ClInclude>
    <ClInclude Include="c:\Program Files\NVIDIA GPU Computing Toolkit\CUDA\v7.0\include\vector_functions.h">
      <Filter>Header Files</Filter>
    </ClInclude>
    <ClInclude Include="c:\Program Files\NVIDIA GPU Computing Toolkit\CUDA\v7.0\include\vector_functions.hpp">
      <Filter>Header Files</Filter>
    </ClInclude>
    <ClInclude Include="c:\Program Files\NVIDIA GPU Computing Toolkit\CUDA\v7.0\include\vector_types.h">
      <Filter>Header Files</Filter>
    </ClInclude>
    <ClInclude Include="c:\Program Files (x86)\Windows Kits\8.0\Include\um\verrsrc.h">
      <Filter>Header Files</Filter>
    </ClInclude>
    <ClInclude Include="c:\Program Files (x86)\Microsoft Visual Studio 11.0\VC\include\wchar.h">
      <Filter>Header Files</Filter>
    </ClInclude>
    <ClInclude Include="c:\Program Files (x86)\Windows Kits\8.0\Include\shared\winapifamily.h">
      <Filter>Header Files</Filter>
    </ClInclude>
    <ClInclude Include="c:\Program Files (x86)\Windows Kits\8.0\Include\um\WinBase.h">
      <Filter>Header Files</Filter>
    </ClInclude>
    <ClInclude Include="c:\Program Files (x86)\Windows Kits\8.0\Include\um\wincon.h">
      <Filter>Header Files</Filter>
    </ClInclude>
    <ClInclude Include="c:\Program Files (x86)\Windows Kits\8.0\Include\um\wincrypt.h">
      <Filter>Header Files</Filter>
    </ClInclude>
    <ClInclude Include="c:\Program Files (x86)\Windows Kits\8.0\Include\shared\windef.h">
      <Filter>Header Files</Filter>
    </ClInclude>
    <ClInclude Include="c:\Program Files (x86)\Windows Kits\8.0\Include\um\Windows.h">
      <Filter>Header Files</Filter>
    </ClInclude>
    <ClInclude Include="c:\Program Files (x86)\Windows Kits\8.0\Include\um\winefs.h">
      <Filter>Header Files</Filter>
    </ClInclude>
    <ClInclude Include="c:\Program Files (x86)\Windows Kits\8.0\Include\shared\winerror.h">
      <Filter>Header Files</Filter>
    </ClInclude>
    <ClInclude Include="c:\Program Files (x86)\Windows Kits\8.0\Include\um\wingdi.h">
      <Filter>Header Files</Filter>
    </ClInclude>
    <ClInclude Include="c:\Program Files (x86)\Windows Kits\8.0\Include\um\winioctl.h">
      <Filter>Header Files</Filter>
    </ClInclude>
    <ClInclude Include="c:\Program Files (x86)\Windows Kits\8.0\Include\um\winnetwk.h">
      <Filter>Header Files</Filter>
    </ClInclude>
    <ClInclude Include="c:\Program Files (x86)\Windows Kits\8.0\Include\um\WinNls.h">
      <Filter>Header Files</Filter>
    </ClInclude>
    <ClInclude Include="c:\Program Files (x86)\Windows Kits\8.0\Include\um\winnt.h">
      <Filter>Header Files</Filter>
    </ClInclude>
    <ClInclude Include="c:\Program Files (x86)\Windows Kits\8.0\Include\um\winperf.h">
      <Filter>Header Files</Filter>
    </ClInclude>
    <ClInclude Include="c:\Program Files (x86)\Windows Kits\8.0\Include\um\winreg.h">
      <Filter>Header Files</Filter>
    </ClInclude>
    <ClInclude Include="c:\Program Files (x86)\Windows Kits\8.0\Include\um\winresrc.h">
      <Filter>Header Files</Filter>
    </ClInclude>
    <ClInclude Include="c:\Program Files (x86)\Windows Kits\8.0\Include\um\winscard.h">
      <Filter>Header Files</Filter>
    </ClInclude>
    <ClInclude Include="c:\Program Files (x86)\Windows Kits\8.0\Include\shared\winsmcrd.h">
      <Filter>Header Files</Filter>
    </ClInclude>
    <ClInclude Include="c:\Program Files (x86)\Windows Kits\8.0\Include\um\winsock.h">
      <Filter>Header Files</Filter>
    </ClInclude>
    <ClInclude Include="c:\Program Files (x86)\Windows Kits\8.0\Include\um\winspool.h">
      <Filter>Header Files</Filter>
    </ClInclude>
    <ClInclude Include="c:\Program Files (x86)\Windows Kits\8.0\Include\um\winsvc.h">
      <Filter>Header Files</Filter>
    </ClInclude>
    <ClInclude Include="c:\Program Files (x86)\Windows Kits\8.0\Include\um\WinUser.h">
      <Filter>Header Files</Filter>
    </ClInclude>
    <ClInclude Include="c:\Program Files (x86)\Windows Kits\8.0\Include\um\winver.h">
      <Filter>Header Files</Filter>
    </ClInclude>
    <ClInclude Include="c:\Program Files (x86)\Microsoft Visual Studio 11.0\VC\include\wmmintrin.h">
      <Filter>Header Files</Filter>
    </ClInclude>
    <ClInclude Include="c:\Program Files (x86)\Windows Kits\8.0\Include\shared\wnnc.h">
      <Filter>Header Files</Filter>
    </ClInclude>
    <ClInclude Include="c:\Program Files (x86)\Windows Kits\8.0\Include\um\wow64apiset.h">
      <Filter>Header Files</Filter>
    </ClInclude>
    <ClInclude Include="c:\Program Files (x86)\Windows Kits\8.0\Include\shared\wtypes.h">
      <Filter>Header Files</Filter>
    </ClInclude>
    <ClInclude Include="c:\Program Files (x86)\Windows Kits\8.0\Include\shared\WTypesbase.h">
      <Filter>Header Files</Filter>
    </ClInclude>
    <ClInclude Include="c:\Program Files (x86)\Microsoft Visual Studio 11.0\VC\include\xatomic.h">
      <Filter>Header Files</Filter>
    </ClInclude>
    <ClInclude Include="c:\Program Files (x86)\Microsoft Visual Studio 11.0\VC\include\xatomic0.h">
      <Filter>Header Files</Filter>
    </ClInclude>
    <ClInclude Include="c:\Program Files (x86)\Microsoft Visual Studio 11.0\VC\include\xkeycheck.h">
      <Filter>Header Files</Filter>
    </ClInclude>
    <ClInclude Include="c:\Program Files (x86)\Microsoft Visual Studio 11.0\VC\include\xlocinfo.h">
      <Filter>Header Files</Filter>
    </ClInclude>
    <ClInclude Include="c:\Program Files (x86)\Microsoft Visual Studio 11.0\VC\include\xmmintrin.h">
      <Filter>Header Files</Filter>
    </ClInclude>
    <ClInclude Include="c:\Program Files (x86)\Microsoft Visual Studio 11.0\VC\include\xtgmath.h">
      <Filter>Header Files</Filter>
    </ClInclude>
    <ClInclude Include="c:\Program Files (x86)\Microsoft Visual Studio 11.0\VC\include\ymath.h">
      <Filter>Header Files</Filter>
    </ClInclude>
    <ClInclude Include="c:\Program Files (x86)\Microsoft Visual Studio 11.0\VC\include\yvals.h">
      <Filter>Header Files</Filter>
    </ClInclude>
  </ItemGroup>
  <ItemGroup>
    <ClCompile Include="GFKM.cpp">
      <Filter>Source Files</Filter>
    </ClCompile>
    <ClCompile Include="TimingCPU.cpp">
      <Filter>Source Files</Filter>
    </ClCompile>
    <ClCompile Include="Util.cpp">
      <Filter>Source Files</Filter>
    </ClCompile>
  </ItemGroup>
  <ItemGroup>
    <CudaCompile Include="GFKM.cu">
      <Filter>Source Files</Filter>
    </CudaCompile>
    <CudaCompile Include="Main.cu">
      <Filter>Source Files</Filter>
    </CudaCompile>
    <CudaCompile Include="TimingGPU.cu">
      <Filter>Source Files</Filter>
    </CudaCompile>
  </ItemGroup>
  <ItemGroup>
    <None Include="c:\Program Files (x86)\Windows Kits\8.0\Include\um\commdlg.inl">
      <Filter>Header Files</Filter>
    </None>
    <None Include="c:\Program Files (x86)\Windows Kits\8.0\Include\um\prsht.inl">
      <Filter>Header Files</Filter>
    </None>
    <None Include="c:\Program Files (x86)\Microsoft Visual Studio 11.0\VC\include\swprintf.inl">
      <Filter>Header Files</Filter>
    </None>
    <None Include="c:\Program Files (x86)\Microsoft Visual Studio 11.0\VC\include\time.inl">
      <Filter>Header Files</Filter>
    </None>
    <None Include="c:\Program Files (x86)\Windows Kits\8.0\Include\um\winbase.inl">
      <Filter>Header Files</Filter>
    </None>
    <None Include="c:\Program Files (x86)\Windows Kits\8.0\Include\um\winuser.inl">
      <Filter>Header Files</Filter>
    </None>
    <None Include="c:\Program Files (x86)\Microsoft Visual Studio 11.0\VC\include\wtime.inl">
      <Filter>Header Files</Filter>
    </None>
  </ItemGroup>
</Project>