<?xml version="1.0" encoding="utf-8"?>
<Project ToolsVersion="4.0" xmlns="http://schemas.microsoft.com/developer/msbuild/2003">
  <ItemGroup>
    <CudaCompile Include="GFKM.cu">
      <Filter>Source Files</Filter>
    </CudaCompile>
    <CudaCompile Include="TimingGPU.cu">
      <Filter>Source Files</Filter>
    </CudaCompile>
    <CudaCompile Include="main.cu" />
  </ItemGroup>
  <ItemGroup>
    <Filter Include="Header Files">
      <UniqueIdentifier>{6a34b9fb-4e90-43c9-8b27-220860ef4c68}</UniqueIdentifier>
      <Extensions>h;hpp;hxx;hm;inl;inc;xsd;cuh</Extensions>
    </Filter>
    <Filter Include="Source Files">
      <UniqueIdentifier>{f62dce25-7d67-4a7a-abca-78ef8f423119}</UniqueIdentifier>
      <Extensions>cpp;c;cc;cxx;def;odl;idl;hpj;bat;asm;asmx;cu</Extensions>
    </Filter>
    <Filter Include="Resource Files">
      <UniqueIdentifier>{d75f329f-64cd-4c7b-8b8e-d67b548ab4f1}</UniqueIdentifier>
      <Extensions>rc;ico;cur;bmp;dlg;rc2;rct;bin;rgs;gif;jpg;jpeg;jpe;resx;tiff;tif;png;wav;mfcribbon-ms</Extensions>
    </Filter>
  </ItemGroup>
  <ItemGroup>
    <ClInclude Include="GFKM.h">
      <Filter>Header Files</Filter>
    </ClInclude>
    <ClInclude Include="GFKM.cuh">
      <Filter>Header Files</Filter>
    </ClInclude>
    <ClInclude Include="CudaErrorCheck.cuh">
      <Filter>Header Files</Filter>
    </ClInclude>
    <ClInclude Include="TimingGPU.cuh">
      <Filter>Header Files</Filter>
    </ClInclude>
    <ClInclude Include="TimingCPU.h">
      <Filter>Header Files</Filter>
    </ClInclude>
  </ItemGroup>
  <ItemGroup>
    <ClCompile Include="GFKM.cpp">
      <Filter>Source Files</Filter>
    </ClCompile>
    <ClCompile Include="TimingCPU.cpp">
      <Filter>Source Files</Filter>
    </ClCompile>
  </ItemGroup>
</Project>